
Microsoft Visual Studio Solution File, Format Version 12.00
# Visual Studio 15
VisualStudioVersion = 15.0.28307.852
MinimumVisualStudioVersion = 10.0.40219.1
Project("{FAE04EC0-301F-11D3-BF4B-00C04F79EFBC}") = "PriceChecker.Android", "PriceChecker\PriceChecker.Android\PriceChecker.Android.csproj", "{DF970103-F83C-49D9-81C2-2CA4099DAEB0}"
EndProject
Project("{FAE04EC0-301F-11D3-BF4B-00C04F79EFBC}") = "PriceChecker.iOS", "PriceChecker\PriceChecker.iOS\PriceChecker.iOS.csproj", "{BAC012AE-9912-4056-B4B3-19C345B4261D}"
EndProject
Project("{FAE04EC0-301F-11D3-BF4B-00C04F79EFBC}") = "PriceChecker.UWP", "PriceChecker\PriceChecker.UWP\PriceChecker.UWP.csproj", "{F2E0644D-7FD2-455C-B948-A65751766B1E}"
EndProject
Project("{9A19103F-16F7-4668-BE54-9A1E7A4F7556}") = "PriceChecker", "PriceChecker\PriceChecker\PriceChecker.csproj", "{6C3378D6-D814-41EA-B23A-06701B97AFE0}"
EndProject
Global
	GlobalSection(SolutionConfigurationPlatforms) = preSolution
		Ad-Hoc|Any CPU = Ad-Hoc|Any CPU
		Ad-Hoc|ARM = Ad-Hoc|ARM
		Ad-Hoc|iPhone = Ad-Hoc|iPhone
		Ad-Hoc|iPhoneSimulator = Ad-Hoc|iPhoneSimulator
		Ad-Hoc|x64 = Ad-Hoc|x64
		Ad-Hoc|x86 = Ad-Hoc|x86
		AppStore|Any CPU = AppStore|Any CPU
		AppStore|ARM = AppStore|ARM
		AppStore|iPhone = AppStore|iPhone
		AppStore|iPhoneSimulator = AppStore|iPhoneSimulator
		AppStore|x64 = AppStore|x64
		AppStore|x86 = AppStore|x86
		Debug|Any CPU = Debug|Any CPU
		Debug|ARM = Debug|ARM
		Debug|iPhone = Debug|iPhone
		Debug|iPhoneSimulator = Debug|iPhoneSimulator
		Debug|x64 = Debug|x64
		Debug|x86 = Debug|x86
		Release|Any CPU = Release|Any CPU
		Release|ARM = Release|ARM
		Release|iPhone = Release|iPhone
		Release|iPhoneSimulator = Release|iPhoneSimulator
		Release|x64 = Release|x64
		Release|x86 = Release|x86
	EndGlobalSection
	GlobalSection(ProjectConfigurationPlatforms) = postSolution
		{DF970103-F83C-49D9-81C2-2CA4099DAEB0}.Ad-Hoc|Any CPU.ActiveCfg = Release|Any CPU
		{DF970103-F83C-49D9-81C2-2CA4099DAEB0}.Ad-Hoc|Any CPU.Build.0 = Release|Any CPU
		{DF970103-F83C-49D9-81C2-2CA4099DAEB0}.Ad-Hoc|Any CPU.Deploy.0 = Release|Any CPU
		{DF970103-F83C-49D9-81C2-2CA4099DAEB0}.Ad-Hoc|ARM.ActiveCfg = Release|Any CPU
		{DF970103-F83C-49D9-81C2-2CA4099DAEB0}.Ad-Hoc|ARM.Build.0 = Release|Any CPU
		{DF970103-F83C-49D9-81C2-2CA4099DAEB0}.Ad-Hoc|ARM.Deploy.0 = Release|Any CPU
		{DF970103-F83C-49D9-81C2-2CA4099DAEB0}.Ad-Hoc|iPhone.ActiveCfg = Release|Any CPU
		{DF970103-F83C-49D9-81C2-2CA4099DAEB0}.Ad-Hoc|iPhone.Build.0 = Release|Any CPU
		{DF970103-F83C-49D9-81C2-2CA4099DAEB0}.Ad-Hoc|iPhone.Deploy.0 = Release|Any CPU
		{DF970103-F83C-49D9-81C2-2CA4099DAEB0}.Ad-Hoc|iPhoneSimulator.ActiveCfg = Release|Any CPU
		{DF970103-F83C-49D9-81C2-2CA4099DAEB0}.Ad-Hoc|iPhoneSimulator.Build.0 = Release|Any CPU
		{DF970103-F83C-49D9-81C2-2CA4099DAEB0}.Ad-Hoc|iPhoneSimulator.Deploy.0 = Release|Any CPU
		{DF970103-F83C-49D9-81C2-2CA4099DAEB0}.Ad-Hoc|x64.ActiveCfg = Release|Any CPU
		{DF970103-F83C-49D9-81C2-2CA4099DAEB0}.Ad-Hoc|x64.Build.0 = Release|Any CPU
		{DF970103-F83C-49D9-81C2-2CA4099DAEB0}.Ad-Hoc|x64.Deploy.0 = Release|Any CPU
		{DF970103-F83C-49D9-81C2-2CA4099DAEB0}.Ad-Hoc|x86.ActiveCfg = Release|Any CPU
		{DF970103-F83C-49D9-81C2-2CA4099DAEB0}.Ad-Hoc|x86.Build.0 = Release|Any CPU
		{DF970103-F83C-49D9-81C2-2CA4099DAEB0}.Ad-Hoc|x86.Deploy.0 = Release|Any CPU
		{DF970103-F83C-49D9-81C2-2CA4099DAEB0}.AppStore|Any CPU.ActiveCfg = Release|Any CPU
		{DF970103-F83C-49D9-81C2-2CA4099DAEB0}.AppStore|Any CPU.Build.0 = Release|Any CPU
		{DF970103-F83C-49D9-81C2-2CA4099DAEB0}.AppStore|Any CPU.Deploy.0 = Release|Any CPU
		{DF970103-F83C-49D9-81C2-2CA4099DAEB0}.AppStore|ARM.ActiveCfg = Release|Any CPU
		{DF970103-F83C-49D9-81C2-2CA4099DAEB0}.AppStore|ARM.Build.0 = Release|Any CPU
		{DF970103-F83C-49D9-81C2-2CA4099DAEB0}.AppStore|ARM.Deploy.0 = Release|Any CPU
		{DF970103-F83C-49D9-81C2-2CA4099DAEB0}.AppStore|iPhone.ActiveCfg = Release|Any CPU
		{DF970103-F83C-49D9-81C2-2CA4099DAEB0}.AppStore|iPhone.Build.0 = Release|Any CPU
		{DF970103-F83C-49D9-81C2-2CA4099DAEB0}.AppStore|iPhone.Deploy.0 = Release|Any CPU
		{DF970103-F83C-49D9-81C2-2CA4099DAEB0}.AppStore|iPhoneSimulator.ActiveCfg = Release|Any CPU
		{DF970103-F83C-49D9-81C2-2CA4099DAEB0}.AppStore|iPhoneSimulator.Build.0 = Release|Any CPU
		{DF970103-F83C-49D9-81C2-2CA4099DAEB0}.AppStore|iPhoneSimulator.Deploy.0 = Release|Any CPU
		{DF970103-F83C-49D9-81C2-2CA4099DAEB0}.AppStore|x64.ActiveCfg = Release|Any CPU
		{DF970103-F83C-49D9-81C2-2CA4099DAEB0}.AppStore|x64.Build.0 = Release|Any CPU
		{DF970103-F83C-49D9-81C2-2CA4099DAEB0}.AppStore|x64.Deploy.0 = Release|Any CPU
		{DF970103-F83C-49D9-81C2-2CA4099DAEB0}.AppStore|x86.ActiveCfg = Release|Any CPU
		{DF970103-F83C-49D9-81C2-2CA4099DAEB0}.AppStore|x86.Build.0 = Release|Any CPU
		{DF970103-F83C-49D9-81C2-2CA4099DAEB0}.AppStore|x86.Deploy.0 = Release|Any CPU
		{DF970103-F83C-49D9-81C2-2CA4099DAEB0}.Debug|Any CPU.ActiveCfg = Debug|Any CPU
		{DF970103-F83C-49D9-81C2-2CA4099DAEB0}.Debug|Any CPU.Build.0 = Debug|Any CPU
		{DF970103-F83C-49D9-81C2-2CA4099DAEB0}.Debug|Any CPU.Deploy.0 = Debug|Any CPU
		{DF970103-F83C-49D9-81C2-2CA4099DAEB0}.Debug|ARM.ActiveCfg = Debug|Any CPU
		{DF970103-F83C-49D9-81C2-2CA4099DAEB0}.Debug|ARM.Build.0 = Debug|Any CPU
		{DF970103-F83C-49D9-81C2-2CA4099DAEB0}.Debug|ARM.Deploy.0 = Debug|Any CPU
		{DF970103-F83C-49D9-81C2-2CA4099DAEB0}.Debug|iPhone.ActiveCfg = Debug|Any CPU
		{DF970103-F83C-49D9-81C2-2CA4099DAEB0}.Debug|iPhone.Build.0 = Debug|Any CPU
		{DF970103-F83C-49D9-81C2-2CA4099DAEB0}.Debug|iPhone.Deploy.0 = Debug|Any CPU
		{DF970103-F83C-49D9-81C2-2CA4099DAEB0}.Debug|iPhoneSimulator.ActiveCfg = Debug|Any CPU
		{DF970103-F83C-49D9-81C2-2CA4099DAEB0}.Debug|iPhoneSimulator.Build.0 = Debug|Any CPU
		{DF970103-F83C-49D9-81C2-2CA4099DAEB0}.Debug|iPhoneSimulator.Deploy.0 = Debug|Any CPU
		{DF970103-F83C-49D9-81C2-2CA4099DAEB0}.Debug|x64.ActiveCfg = Debug|Any CPU
		{DF970103-F83C-49D9-81C2-2CA4099DAEB0}.Debug|x64.Build.0 = Debug|Any CPU
		{DF970103-F83C-49D9-81C2-2CA4099DAEB0}.Debug|x64.Deploy.0 = Debug|Any CPU
		{DF970103-F83C-49D9-81C2-2CA4099DAEB0}.Debug|x86.ActiveCfg = Debug|Any CPU
		{DF970103-F83C-49D9-81C2-2CA4099DAEB0}.Debug|x86.Build.0 = Debug|Any CPU
		{DF970103-F83C-49D9-81C2-2CA4099DAEB0}.Debug|x86.Deploy.0 = Debug|Any CPU
		{DF970103-F83C-49D9-81C2-2CA4099DAEB0}.Release|Any CPU.ActiveCfg = Release|Any CPU
		{DF970103-F83C-49D9-81C2-2CA4099DAEB0}.Release|Any CPU.Build.0 = Release|Any CPU
		{DF970103-F83C-49D9-81C2-2CA4099DAEB0}.Release|Any CPU.Deploy.0 = Release|Any CPU
		{DF970103-F83C-49D9-81C2-2CA4099DAEB0}.Release|ARM.ActiveCfg = Release|Any CPU
		{DF970103-F83C-49D9-81C2-2CA4099DAEB0}.Release|ARM.Build.0 = Release|Any CPU
		{DF970103-F83C-49D9-81C2-2CA4099DAEB0}.Release|ARM.Deploy.0 = Release|Any CPU
		{DF970103-F83C-49D9-81C2-2CA4099DAEB0}.Release|iPhone.ActiveCfg = Release|Any CPU
		{DF970103-F83C-49D9-81C2-2CA4099DAEB0}.Release|iPhone.Build.0 = Release|Any CPU
		{DF970103-F83C-49D9-81C2-2CA4099DAEB0}.Release|iPhone.Deploy.0 = Release|Any CPU
		{DF970103-F83C-49D9-81C2-2CA4099DAEB0}.Release|iPhoneSimulator.ActiveCfg = Release|Any CPU
		{DF970103-F83C-49D9-81C2-2CA4099DAEB0}.Release|iPhoneSimulator.Build.0 = Release|Any CPU
		{DF970103-F83C-49D9-81C2-2CA4099DAEB0}.Release|iPhoneSimulator.Deploy.0 = Release|Any CPU
		{DF970103-F83C-49D9-81C2-2CA4099DAEB0}.Release|x64.ActiveCfg = Release|Any CPU
		{DF970103-F83C-49D9-81C2-2CA4099DAEB0}.Release|x64.Build.0 = Release|Any CPU
		{DF970103-F83C-49D9-81C2-2CA4099DAEB0}.Release|x64.Deploy.0 = Release|Any CPU
		{DF970103-F83C-49D9-81C2-2CA4099DAEB0}.Release|x86.ActiveCfg = Release|Any CPU
		{DF970103-F83C-49D9-81C2-2CA4099DAEB0}.Release|x86.Build.0 = Release|Any CPU
		{DF970103-F83C-49D9-81C2-2CA4099DAEB0}.Release|x86.Deploy.0 = Release|Any CPU
		{BAC012AE-9912-4056-B4B3-19C345B4261D}.Ad-Hoc|Any CPU.ActiveCfg = Ad-Hoc|iPhone
		{BAC012AE-9912-4056-B4B3-19C345B4261D}.Ad-Hoc|Any CPU.Build.0 = Ad-Hoc|iPhone
		{BAC012AE-9912-4056-B4B3-19C345B4261D}.Ad-Hoc|Any CPU.Deploy.0 = Ad-Hoc|iPhone
		{BAC012AE-9912-4056-B4B3-19C345B4261D}.Ad-Hoc|ARM.ActiveCfg = Ad-Hoc|iPhone
		{BAC012AE-9912-4056-B4B3-19C345B4261D}.Ad-Hoc|ARM.Build.0 = Ad-Hoc|iPhone
		{BAC012AE-9912-4056-B4B3-19C345B4261D}.Ad-Hoc|ARM.Deploy.0 = Ad-Hoc|iPhone
		{BAC012AE-9912-4056-B4B3-19C345B4261D}.Ad-Hoc|iPhone.ActiveCfg = Ad-Hoc|iPhone
		{BAC012AE-9912-4056-B4B3-19C345B4261D}.Ad-Hoc|iPhone.Build.0 = Ad-Hoc|iPhone
		{BAC012AE-9912-4056-B4B3-19C345B4261D}.Ad-Hoc|iPhone.Deploy.0 = Ad-Hoc|iPhone
		{BAC012AE-9912-4056-B4B3-19C345B4261D}.Ad-Hoc|iPhoneSimulator.ActiveCfg = Ad-Hoc|iPhoneSimulator
		{BAC012AE-9912-4056-B4B3-19C345B4261D}.Ad-Hoc|iPhoneSimulator.Build.0 = Ad-Hoc|iPhoneSimulator
		{BAC012AE-9912-4056-B4B3-19C345B4261D}.Ad-Hoc|iPhoneSimulator.Deploy.0 = Ad-Hoc|iPhoneSimulator
		{BAC012AE-9912-4056-B4B3-19C345B4261D}.Ad-Hoc|x64.ActiveCfg = Ad-Hoc|iPhone
		{BAC012AE-9912-4056-B4B3-19C345B4261D}.Ad-Hoc|x64.Build.0 = Ad-Hoc|iPhone
		{BAC012AE-9912-4056-B4B3-19C345B4261D}.Ad-Hoc|x64.Deploy.0 = Ad-Hoc|iPhone
		{BAC012AE-9912-4056-B4B3-19C345B4261D}.Ad-Hoc|x86.ActiveCfg = Ad-Hoc|iPhone
		{BAC012AE-9912-4056-B4B3-19C345B4261D}.Ad-Hoc|x86.Build.0 = Ad-Hoc|iPhone
		{BAC012AE-9912-4056-B4B3-19C345B4261D}.Ad-Hoc|x86.Deploy.0 = Ad-Hoc|iPhone
		{BAC012AE-9912-4056-B4B3-19C345B4261D}.AppStore|Any CPU.ActiveCfg = AppStore|iPhone
		{BAC012AE-9912-4056-B4B3-19C345B4261D}.AppStore|Any CPU.Build.0 = AppStore|iPhone
		{BAC012AE-9912-4056-B4B3-19C345B4261D}.AppStore|Any CPU.Deploy.0 = AppStore|iPhone
		{BAC012AE-9912-4056-B4B3-19C345B4261D}.AppStore|ARM.ActiveCfg = AppStore|iPhone
		{BAC012AE-9912-4056-B4B3-19C345B4261D}.AppStore|ARM.Build.0 = AppStore|iPhone
		{BAC012AE-9912-4056-B4B3-19C345B4261D}.AppStore|ARM.Deploy.0 = AppStore|iPhone
		{BAC012AE-9912-4056-B4B3-19C345B4261D}.AppStore|iPhone.ActiveCfg = AppStore|iPhone
		{BAC012AE-9912-4056-B4B3-19C345B4261D}.AppStore|iPhone.Build.0 = AppStore|iPhone
		{BAC012AE-9912-4056-B4B3-19C345B4261D}.AppStore|iPhone.Deploy.0 = AppStore|iPhone
		{BAC012AE-9912-4056-B4B3-19C345B4261D}.AppStore|iPhoneSimulator.ActiveCfg = AppStore|iPhoneSimulator
		{BAC012AE-9912-4056-B4B3-19C345B4261D}.AppStore|iPhoneSimulator.Build.0 = AppStore|iPhoneSimulator
		{BAC012AE-9912-4056-B4B3-19C345B4261D}.AppStore|iPhoneSimulator.Deploy.0 = AppStore|iPhoneSimulator
		{BAC012AE-9912-4056-B4B3-19C345B4261D}.AppStore|x64.ActiveCfg = AppStore|iPhone
		{BAC012AE-9912-4056-B4B3-19C345B4261D}.AppStore|x64.Build.0 = AppStore|iPhone
		{BAC012AE-9912-4056-B4B3-19C345B4261D}.AppStore|x64.Deploy.0 = AppStore|iPhone
		{BAC012AE-9912-4056-B4B3-19C345B4261D}.AppStore|x86.ActiveCfg = AppStore|iPhone
		{BAC012AE-9912-4056-B4B3-19C345B4261D}.AppStore|x86.Build.0 = AppStore|iPhone
		{BAC012AE-9912-4056-B4B3-19C345B4261D}.AppStore|x86.Deploy.0 = AppStore|iPhone
		{BAC012AE-9912-4056-B4B3-19C345B4261D}.Debug|Any CPU.ActiveCfg = Debug|iPhoneSimulator
		{BAC012AE-9912-4056-B4B3-19C345B4261D}.Debug|Any CPU.Deploy.0 = Debug|iPhoneSimulator
		{BAC012AE-9912-4056-B4B3-19C345B4261D}.Debug|ARM.ActiveCfg = Debug|iPhone
		{BAC012AE-9912-4056-B4B3-19C345B4261D}.Debug|ARM.Build.0 = Debug|iPhone
		{BAC012AE-9912-4056-B4B3-19C345B4261D}.Debug|ARM.Deploy.0 = Debug|iPhone
		{BAC012AE-9912-4056-B4B3-19C345B4261D}.Debug|iPhone.ActiveCfg = Debug|iPhone
		{BAC012AE-9912-4056-B4B3-19C345B4261D}.Debug|iPhone.Build.0 = Debug|iPhone
		{BAC012AE-9912-4056-B4B3-19C345B4261D}.Debug|iPhone.Deploy.0 = Debug|iPhone
		{BAC012AE-9912-4056-B4B3-19C345B4261D}.Debug|iPhoneSimulator.ActiveCfg = Debug|iPhoneSimulator
		{BAC012AE-9912-4056-B4B3-19C345B4261D}.Debug|iPhoneSimulator.Build.0 = Debug|iPhoneSimulator
		{BAC012AE-9912-4056-B4B3-19C345B4261D}.Debug|iPhoneSimulator.Deploy.0 = Debug|iPhoneSimulator
		{BAC012AE-9912-4056-B4B3-19C345B4261D}.Debug|x64.ActiveCfg = Debug|iPhone
		{BAC012AE-9912-4056-B4B3-19C345B4261D}.Debug|x64.Build.0 = Debug|iPhone
		{BAC012AE-9912-4056-B4B3-19C345B4261D}.Debug|x64.Deploy.0 = Debug|iPhone
		{BAC012AE-9912-4056-B4B3-19C345B4261D}.Debug|x86.ActiveCfg = Debug|iPhone
		{BAC012AE-9912-4056-B4B3-19C345B4261D}.Debug|x86.Build.0 = Debug|iPhone
		{BAC012AE-9912-4056-B4B3-19C345B4261D}.Debug|x86.Deploy.0 = Debug|iPhone
		{BAC012AE-9912-4056-B4B3-19C345B4261D}.Release|Any CPU.ActiveCfg = Release|iPhone
		{BAC012AE-9912-4056-B4B3-19C345B4261D}.Release|Any CPU.Build.0 = Release|iPhone
		{BAC012AE-9912-4056-B4B3-19C345B4261D}.Release|Any CPU.Deploy.0 = Release|iPhone
		{BAC012AE-9912-4056-B4B3-19C345B4261D}.Release|ARM.ActiveCfg = Release|iPhone
		{BAC012AE-9912-4056-B4B3-19C345B4261D}.Release|ARM.Build.0 = Release|iPhone
		{BAC012AE-9912-4056-B4B3-19C345B4261D}.Release|ARM.Deploy.0 = Release|iPhone
		{BAC012AE-9912-4056-B4B3-19C345B4261D}.Release|iPhone.ActiveCfg = Release|iPhone
		{BAC012AE-9912-4056-B4B3-19C345B4261D}.Release|iPhone.Build.0 = Release|iPhone
		{BAC012AE-9912-4056-B4B3-19C345B4261D}.Release|iPhone.Deploy.0 = Release|iPhone
		{BAC012AE-9912-4056-B4B3-19C345B4261D}.Release|iPhoneSimulator.ActiveCfg = Release|iPhoneSimulator
		{BAC012AE-9912-4056-B4B3-19C345B4261D}.Release|iPhoneSimulator.Build.0 = Release|iPhoneSimulator
		{BAC012AE-9912-4056-B4B3-19C345B4261D}.Release|iPhoneSimulator.Deploy.0 = Release|iPhoneSimulator
		{BAC012AE-9912-4056-B4B3-19C345B4261D}.Release|x64.ActiveCfg = Release|iPhone
		{BAC012AE-9912-4056-B4B3-19C345B4261D}.Release|x64.Build.0 = Release|iPhone
		{BAC012AE-9912-4056-B4B3-19C345B4261D}.Release|x64.Deploy.0 = Release|iPhone
		{BAC012AE-9912-4056-B4B3-19C345B4261D}.Release|x86.ActiveCfg = Release|iPhone
		{BAC012AE-9912-4056-B4B3-19C345B4261D}.Release|x86.Build.0 = Release|iPhone
		{BAC012AE-9912-4056-B4B3-19C345B4261D}.Release|x86.Deploy.0 = Release|iPhone
		{F2E0644D-7FD2-455C-B948-A65751766B1E}.Ad-Hoc|Any CPU.ActiveCfg = Release|x86
		{F2E0644D-7FD2-455C-B948-A65751766B1E}.Ad-Hoc|Any CPU.Build.0 = Release|x86
		{F2E0644D-7FD2-455C-B948-A65751766B1E}.Ad-Hoc|Any CPU.Deploy.0 = Release|x86
		{F2E0644D-7FD2-455C-B948-A65751766B1E}.Ad-Hoc|ARM.ActiveCfg = Release|ARM
		{F2E0644D-7FD2-455C-B948-A65751766B1E}.Ad-Hoc|ARM.Build.0 = Release|ARM
		{F2E0644D-7FD2-455C-B948-A65751766B1E}.Ad-Hoc|ARM.Deploy.0 = Release|ARM
		{F2E0644D-7FD2-455C-B948-A65751766B1E}.Ad-Hoc|iPhone.ActiveCfg = Release|x86
		{F2E0644D-7FD2-455C-B948-A65751766B1E}.Ad-Hoc|iPhone.Build.0 = Release|x86
		{F2E0644D-7FD2-455C-B948-A65751766B1E}.Ad-Hoc|iPhone.Deploy.0 = Release|x86
		{F2E0644D-7FD2-455C-B948-A65751766B1E}.Ad-Hoc|iPhoneSimulator.ActiveCfg = Release|x86
		{F2E0644D-7FD2-455C-B948-A65751766B1E}.Ad-Hoc|iPhoneSimulator.Build.0 = Release|x86
		{F2E0644D-7FD2-455C-B948-A65751766B1E}.Ad-Hoc|iPhoneSimulator.Deploy.0 = Release|x86
		{F2E0644D-7FD2-455C-B948-A65751766B1E}.Ad-Hoc|x64.ActiveCfg = Release|x64
		{F2E0644D-7FD2-455C-B948-A65751766B1E}.Ad-Hoc|x64.Build.0 = Release|x64
		{F2E0644D-7FD2-455C-B948-A65751766B1E}.Ad-Hoc|x64.Deploy.0 = Release|x64
		{F2E0644D-7FD2-455C-B948-A65751766B1E}.Ad-Hoc|x86.ActiveCfg = Release|x86
		{F2E0644D-7FD2-455C-B948-A65751766B1E}.Ad-Hoc|x86.Build.0 = Release|x86
		{F2E0644D-7FD2-455C-B948-A65751766B1E}.Ad-Hoc|x86.Deploy.0 = Release|x86
		{F2E0644D-7FD2-455C-B948-A65751766B1E}.AppStore|Any CPU.ActiveCfg = Release|x86
		{F2E0644D-7FD2-455C-B948-A65751766B1E}.AppStore|Any CPU.Build.0 = Release|x86
		{F2E0644D-7FD2-455C-B948-A65751766B1E}.AppStore|Any CPU.Deploy.0 = Release|x86
		{F2E0644D-7FD2-455C-B948-A65751766B1E}.AppStore|ARM.ActiveCfg = Release|ARM
		{F2E0644D-7FD2-455C-B948-A65751766B1E}.AppStore|ARM.Build.0 = Release|ARM
		{F2E0644D-7FD2-455C-B948-A65751766B1E}.AppStore|ARM.Deploy.0 = Release|ARM
		{F2E0644D-7FD2-455C-B948-A65751766B1E}.AppStore|iPhone.ActiveCfg = Release|x86
		{F2E0644D-7FD2-455C-B948-A65751766B1E}.AppStore|iPhone.Build.0 = Release|x86
		{F2E0644D-7FD2-455C-B948-A65751766B1E}.AppStore|iPhone.Deploy.0 = Release|x86
		{F2E0644D-7FD2-455C-B948-A65751766B1E}.AppStore|iPhoneSimulator.ActiveCfg = Release|x86
		{F2E0644D-7FD2-455C-B948-A65751766B1E}.AppStore|iPhoneSimulator.Build.0 = Release|x86
		{F2E0644D-7FD2-455C-B948-A65751766B1E}.AppStore|iPhoneSimulator.Deploy.0 = Release|x86
		{F2E0644D-7FD2-455C-B948-A65751766B1E}.AppStore|x64.ActiveCfg = Release|x64
		{F2E0644D-7FD2-455C-B948-A65751766B1E}.AppStore|x64.Build.0 = Release|x64
		{F2E0644D-7FD2-455C-B948-A65751766B1E}.AppStore|x64.Deploy.0 = Release|x64
		{F2E0644D-7FD2-455C-B948-A65751766B1E}.AppStore|x86.ActiveCfg = Release|x86
		{F2E0644D-7FD2-455C-B948-A65751766B1E}.AppStore|x86.Build.0 = Release|x86
		{F2E0644D-7FD2-455C-B948-A65751766B1E}.AppStore|x86.Deploy.0 = Release|x86
		{F2E0644D-7FD2-455C-B948-A65751766B1E}.Debug|Any CPU.ActiveCfg = Debug|x86
		{F2E0644D-7FD2-455C-B948-A65751766B1E}.Debug|ARM.ActiveCfg = Debug|ARM
		{F2E0644D-7FD2-455C-B948-A65751766B1E}.Debug|ARM.Build.0 = Debug|ARM
		{F2E0644D-7FD2-455C-B948-A65751766B1E}.Debug|ARM.Deploy.0 = Debug|ARM
		{F2E0644D-7FD2-455C-B948-A65751766B1E}.Debug|iPhone.ActiveCfg = Debug|x86
		{F2E0644D-7FD2-455C-B948-A65751766B1E}.Debug|iPhone.Build.0 = Debug|x86
		{F2E0644D-7FD2-455C-B948-A65751766B1E}.Debug|iPhone.Deploy.0 = Debug|x86
		{F2E0644D-7FD2-455C-B948-A65751766B1E}.Debug|iPhoneSimulator.ActiveCfg = Debug|x86
		{F2E0644D-7FD2-455C-B948-A65751766B1E}.Debug|iPhoneSimulator.Build.0 = Debug|x86
		{F2E0644D-7FD2-455C-B948-A65751766B1E}.Debug|iPhoneSimulator.Deploy.0 = Debug|x86
		{F2E0644D-7FD2-455C-B948-A65751766B1E}.Debug|x64.ActiveCfg = Debug|x64
		{F2E0644D-7FD2-455C-B948-A65751766B1E}.Debug|x64.Build.0 = Debug|x64
		{F2E0644D-7FD2-455C-B948-A65751766B1E}.Debug|x64.Deploy.0 = Debug|x64
		{F2E0644D-7FD2-455C-B948-A65751766B1E}.Debug|x86.ActiveCfg = Debug|x86
		{F2E0644D-7FD2-455C-B948-A65751766B1E}.Debug|x86.Build.0 = Debug|x86
		{F2E0644D-7FD2-455C-B948-A65751766B1E}.Debug|x86.Deploy.0 = Debug|x86
		{F2E0644D-7FD2-455C-B948-A65751766B1E}.Release|Any CPU.ActiveCfg = Release|x86
		{F2E0644D-7FD2-455C-B948-A65751766B1E}.Release|Any CPU.Build.0 = Release|x86
		{F2E0644D-7FD2-455C-B948-A65751766B1E}.Release|Any CPU.Deploy.0 = Release|x86
		{F2E0644D-7FD2-455C-B948-A65751766B1E}.Release|ARM.ActiveCfg = Release|ARM
		{F2E0644D-7FD2-455C-B948-A65751766B1E}.Release|ARM.Build.0 = Release|ARM
		{F2E0644D-7FD2-455C-B948-A65751766B1E}.Release|ARM.Deploy.0 = Release|ARM
		{F2E0644D-7FD2-455C-B948-A65751766B1E}.Release|iPhone.ActiveCfg = Release|x86
		{F2E0644D-7FD2-455C-B948-A65751766B1E}.Release|iPhone.Build.0 = Release|x86
		{F2E0644D-7FD2-455C-B948-A65751766B1E}.Release|iPhone.Deploy.0 = Release|x86
		{F2E0644D-7FD2-455C-B948-A65751766B1E}.Release|iPhoneSimulator.ActiveCfg = Release|x86
		{F2E0644D-7FD2-455C-B948-A65751766B1E}.Release|iPhoneSimulator.Build.0 = Release|x86
		{F2E0644D-7FD2-455C-B948-A65751766B1E}.Release|iPhoneSimulator.Deploy.0 = Release|x86
		{F2E0644D-7FD2-455C-B948-A65751766B1E}.Release|x64.ActiveCfg = Release|x64
		{F2E0644D-7FD2-455C-B948-A65751766B1E}.Release|x64.Build.0 = Release|x64
		{F2E0644D-7FD2-455C-B948-A65751766B1E}.Release|x64.Deploy.0 = Release|x64
		{F2E0644D-7FD2-455C-B948-A65751766B1E}.Release|x86.ActiveCfg = Release|x86
		{F2E0644D-7FD2-455C-B948-A65751766B1E}.Release|x86.Build.0 = Release|x86
		{F2E0644D-7FD2-455C-B948-A65751766B1E}.Release|x86.Deploy.0 = Release|x86
		{6C3378D6-D814-41EA-B23A-06701B97AFE0}.Ad-Hoc|Any CPU.ActiveCfg = Debug|Any CPU
		{6C3378D6-D814-41EA-B23A-06701B97AFE0}.Ad-Hoc|Any CPU.Build.0 = Debug|Any CPU
		{6C3378D6-D814-41EA-B23A-06701B97AFE0}.Ad-Hoc|Any CPU.Deploy.0 = Debug|Any CPU
		{6C3378D6-D814-41EA-B23A-06701B97AFE0}.Ad-Hoc|ARM.ActiveCfg = Debug|Any CPU
		{6C3378D6-D814-41EA-B23A-06701B97AFE0}.Ad-Hoc|ARM.Build.0 = Debug|Any CPU
		{6C3378D6-D814-41EA-B23A-06701B97AFE0}.Ad-Hoc|ARM.Deploy.0 = Debug|Any CPU
		{6C3378D6-D814-41EA-B23A-06701B97AFE0}.Ad-Hoc|iPhone.ActiveCfg = Debug|Any CPU
		{6C3378D6-D814-41EA-B23A-06701B97AFE0}.Ad-Hoc|iPhone.Build.0 = Debug|Any CPU
		{6C3378D6-D814-41EA-B23A-06701B97AFE0}.Ad-Hoc|iPhone.Deploy.0 = Debug|Any CPU
		{6C3378D6-D814-41EA-B23A-06701B97AFE0}.Ad-Hoc|iPhoneSimulator.ActiveCfg = Debug|Any CPU
		{6C3378D6-D814-41EA-B23A-06701B97AFE0}.Ad-Hoc|iPhoneSimulator.Build.0 = Debug|Any CPU
		{6C3378D6-D814-41EA-B23A-06701B97AFE0}.Ad-Hoc|iPhoneSimulator.Deploy.0 = Debug|Any CPU
		{6C3378D6-D814-41EA-B23A-06701B97AFE0}.Ad-Hoc|x64.ActiveCfg = Debug|Any CPU
		{6C3378D6-D814-41EA-B23A-06701B97AFE0}.Ad-Hoc|x64.Build.0 = Debug|Any CPU
		{6C3378D6-D814-41EA-B23A-06701B97AFE0}.Ad-Hoc|x64.Deploy.0 = Debug|Any CPU
		{6C3378D6-D814-41EA-B23A-06701B97AFE0}.Ad-Hoc|x86.ActiveCfg = Debug|Any CPU
		{6C3378D6-D814-41EA-B23A-06701B97AFE0}.Ad-Hoc|x86.Build.0 = Debug|Any CPU
		{6C3378D6-D814-41EA-B23A-06701B97AFE0}.Ad-Hoc|x86.Deploy.0 = Debug|Any CPU
		{6C3378D6-D814-41EA-B23A-06701B97AFE0}.AppStore|Any CPU.ActiveCfg = Debug|Any CPU
		{6C3378D6-D814-41EA-B23A-06701B97AFE0}.AppStore|Any CPU.Build.0 = Debug|Any CPU
		{6C3378D6-D814-41EA-B23A-06701B97AFE0}.AppStore|Any CPU.Deploy.0 = Debug|Any CPU
		{6C3378D6-D814-41EA-B23A-06701B97AFE0}.AppStore|ARM.ActiveCfg = Debug|Any CPU
		{6C3378D6-D814-41EA-B23A-06701B97AFE0}.AppStore|ARM.Build.0 = Debug|Any CPU
		{6C3378D6-D814-41EA-B23A-06701B97AFE0}.AppStore|ARM.Deploy.0 = Debug|Any CPU
		{6C3378D6-D814-41EA-B23A-06701B97AFE0}.AppStore|iPhone.ActiveCfg = Debug|Any CPU
		{6C3378D6-D814-41EA-B23A-06701B97AFE0}.AppStore|iPhone.Build.0 = Debug|Any CPU
		{6C3378D6-D814-41EA-B23A-06701B97AFE0}.AppStore|iPhone.Deploy.0 = Debug|Any CPU
		{6C3378D6-D814-41EA-B23A-06701B97AFE0}.AppStore|iPhoneSimulator.ActiveCfg = Debug|Any CPU
		{6C3378D6-D814-41EA-B23A-06701B97AFE0}.AppStore|iPhoneSimulator.Build.0 = Debug|Any CPU
		{6C3378D6-D814-41EA-B23A-06701B97AFE0}.AppStore|iPhoneSimulator.Deploy.0 = Debug|Any CPU
		{6C3378D6-D814-41EA-B23A-06701B97AFE0}.AppStore|x64.ActiveCfg = Debug|Any CPU
		{6C3378D6-D814-41EA-B23A-06701B97AFE0}.AppStore|x64.Build.0 = Debug|Any CPU
		{6C3378D6-D814-41EA-B23A-06701B97AFE0}.AppStore|x64.Deploy.0 = Debug|Any CPU
		{6C3378D6-D814-41EA-B23A-06701B97AFE0}.AppStore|x86.ActiveCfg = Debug|Any CPU
		{6C3378D6-D814-41EA-B23A-06701B97AFE0}.AppStore|x86.Build.0 = Debug|Any CPU
		{6C3378D6-D814-41EA-B23A-06701B97AFE0}.AppStore|x86.Deploy.0 = Debug|Any CPU
		{6C3378D6-D814-41EA-B23A-06701B97AFE0}.Debug|Any CPU.ActiveCfg = Debug|Any CPU
		{6C3378D6-D814-41EA-B23A-06701B97AFE0}.Debug|Any CPU.Build.0 = Debug|Any CPU
		{6C3378D6-D814-41EA-B23A-06701B97AFE0}.Debug|Any CPU.Deploy.0 = Debug|Any CPU
		{6C3378D6-D814-41EA-B23A-06701B97AFE0}.Debug|ARM.ActiveCfg = Debug|Any CPU
		{6C3378D6-D814-41EA-B23A-06701B97AFE0}.Debug|ARM.Build.0 = Debug|Any CPU
		{6C3378D6-D814-41EA-B23A-06701B97AFE0}.Debug|ARM.Deploy.0 = Debug|Any CPU
		{6C3378D6-D814-41EA-B23A-06701B97AFE0}.Debug|iPhone.ActiveCfg = Debug|Any CPU
		{6C3378D6-D814-41EA-B23A-06701B97AFE0}.Debug|iPhone.Build.0 = Debug|Any CPU
		{6C3378D6-D814-41EA-B23A-06701B97AFE0}.Debug|iPhone.Deploy.0 = Debug|Any CPU
		{6C3378D6-D814-41EA-B23A-06701B97AFE0}.Debug|iPhoneSimulator.ActiveCfg = Debug|Any CPU
		{6C3378D6-D814-41EA-B23A-06701B97AFE0}.Debug|iPhoneSimulator.Build.0 = Debug|Any CPU
		{6C3378D6-D814-41EA-B23A-06701B97AFE0}.Debug|iPhoneSimulator.Deploy.0 = Debug|Any CPU
		{6C3378D6-D814-41EA-B23A-06701B97AFE0}.Debug|x64.ActiveCfg = Debug|Any CPU
		{6C3378D6-D814-41EA-B23A-06701B97AFE0}.Debug|x64.Build.0 = Debug|Any CPU
		{6C3378D6-D814-41EA-B23A-06701B97AFE0}.Debug|x64.Deploy.0 = Debug|Any CPU
		{6C3378D6-D814-41EA-B23A-06701B97AFE0}.Debug|x86.ActiveCfg = Debug|Any CPU
		{6C3378D6-D814-41EA-B23A-06701B97AFE0}.Debug|x86.Build.0 = Debug|Any CPU
		{6C3378D6-D814-41EA-B23A-06701B97AFE0}.Debug|x86.Deploy.0 = Debug|Any CPU
		{6C3378D6-D814-41EA-B23A-06701B97AFE0}.Release|Any CPU.ActiveCfg = Release|Any CPU
		{6C3378D6-D814-41EA-B23A-06701B97AFE0}.Release|Any CPU.Build.0 = Release|Any CPU
		{6C3378D6-D814-41EA-B23A-06701B97AFE0}.Release|Any CPU.Deploy.0 = Release|Any CPU
		{6C3378D6-D814-41EA-B23A-06701B97AFE0}.Release|ARM.ActiveCfg = Release|Any CPU
		{6C3378D6-D814-41EA-B23A-06701B97AFE0}.Release|ARM.Build.0 = Release|Any CPU
		{6C3378D6-D814-41EA-B23A-06701B97AFE0}.Release|ARM.Deploy.0 = Release|Any CPU
		{6C3378D6-D814-41EA-B23A-06701B97AFE0}.Release|iPhone.ActiveCfg = Release|Any CPU
		{6C3378D6-D814-41EA-B23A-06701B97AFE0}.Release|iPhone.Build.0 = Release|Any CPU
		{6C3378D6-D814-41EA-B23A-06701B97AFE0}.Release|iPhone.Deploy.0 = Release|Any CPU
		{6C3378D6-D814-41EA-B23A-06701B97AFE0}.Release|iPhoneSimulator.ActiveCfg = Release|Any CPU
		{6C3378D6-D814-41EA-B23A-06701B97AFE0}.Release|iPhoneSimulator.Build.0 = Release|Any CPU
		{6C3378D6-D814-41EA-B23A-06701B97AFE0}.Release|iPhoneSimulator.Deploy.0 = Release|Any CPU
		{6C3378D6-D814-41EA-B23A-06701B97AFE0}.Release|x64.ActiveCfg = Release|Any CPU
		{6C3378D6-D814-41EA-B23A-06701B97AFE0}.Release|x64.Build.0 = Release|Any CPU
		{6C3378D6-D814-41EA-B23A-06701B97AFE0}.Release|x64.Deploy.0 = Release|Any CPU
		{6C3378D6-D814-41EA-B23A-06701B97AFE0}.Release|x86.ActiveCfg = Release|Any CPU
		{6C3378D6-D814-41EA-B23A-06701B97AFE0}.Release|x86.Build.0 = Release|Any CPU
		{6C3378D6-D814-41EA-B23A-06701B97AFE0}.Release|x86.Deploy.0 = Release|Any CPU
	EndGlobalSection
	GlobalSection(SolutionProperties) = preSolution
		HideSolutionNode = FALSE
	EndGlobalSection
	GlobalSection(ExtensibilityGlobals) = postSolution
		SolutionGuid = {54267110-586E-4744-9609-9444DD70A773}
	EndGlobalSection
EndGlobal
